<?xml version="1.0" encoding="utf-8"?>
<Project ToolsVersion="4.0" xmlns="http://schemas.microsoft.com/developer/msbuild/2003">
  <ItemGroup>
    <Filter Include="internal">
      <UniqueIdentifier>{fb48ef8c-2316-4a4d-b882-e07206dd4fcc}</UniqueIdentifier>
    </Filter>
  </ItemGroup>
  <ItemGroup>
    <CudaCompile Include="castFloat4.cu" />
    <CudaCompile Include="cubicPrefilter2D.cu" />
    <CudaCompile Include="cubicPrefilter3D.cu" />
    <CudaCompile Include="memcpy.cu" />
    <CudaCompile Include="cubicInterpolate.cu" />
  </ItemGroup>
  <ItemGroup>
    <ClInclude Include="internal\cutil_math_bugfixes.h">
      <Filter>internal</Filter>
    </ClInclude>
    <ClInclude Include="BiCubicBSpline.hpp" />
    <ClInclude Include="cutil.h" />
    <ClInclude Include="exception.h" />
    <ClInclude Include="helper_timer.h" />
    <ClInclude Include="castFloat4.cuh" />
    <ClInclude Include="memcpy.cuh" />
    <ClInclude Include="cubicPrefilter.cuh" />
    <ClInclude Include="cubicTex.cuh" />
    <ClInclude Include="Prefix.h" />
    <ClInclude Include="internal\math_func.cuh">
      <Filter>internal</Filter>
    </ClInclude>
    <ClInclude Include="internal\version.cuh">
      <Filter>internal</Filter>
    </ClInclude>
    <ClInclude Include="cubicInterpolate.cuh" />
    <ClInclude Include="internal\bspline_kernel.cuh">
      <Filter>internal</Filter>
    </ClInclude>
    <ClInclude Include="internal\cubicPrefilter_kernel.cuh">
      <Filter>internal</Filter>
    </ClInclude>
    <ClInclude Include="cubicTex1D.cuh" />
    <ClInclude Include="cubicTex2D.cuh" />
    <ClInclude Include="cubicTex3D.cuh" />
  </ItemGroup>
  <ItemGroup>
    <ClCompile Include="BiCubicBSpline.cpp" />
  </ItemGroup>
  <ItemGroup>
    <None Include="internal\cubicTex2D_kernel.inl">
      <Filter>internal</Filter>
    </None>
    <None Include="internal\cubicTex3D_kernel.inl">
      <Filter>internal</Filter>
    </None>
    <None Include="internal\cubicTex1D_kernel.inl">
      <Filter>internal</Filter>
    </None>
  </ItemGroup>
</Project>